
Microsoft Visual Studio Solution File, Format Version 12.00
# Visual Studio 14
VisualStudioVersion = 14.0.22310.1
MinimumVisualStudioVersion = 10.0.40219.1
Project("{FAE04EC0-301F-11D3-BF4B-00C04F79EFBC}") = "Latexish_Text_Processor", "Latexish_Text_Processor\Latexish_Text_Processor.csproj", "{F700CEE2-CB56-45ED-B009-6CF49FFA0FDB}"
EndProject
Project("{FAE04EC0-301F-11D3-BF4B-00C04F79EFBC}") = "MacroProviders", "MacroProviders\MacroProviders.csproj", "{C422384C-8757-48AD-BA89-7AB0BF1B9447}"
EndProject
Project("{FAE04EC0-301F-11D3-BF4B-00C04F79EFBC}") = "ConsoleApplication", "ConsoleApplication\ConsoleApplication.csproj", "{6880AC2E-A62C-4F41-B5E7-1E3C583BAB14}"
EndProject
Project("{FAE04EC0-301F-11D3-BF4B-00C04F79EFBC}") = "UnitTests", "UnitTests\UnitTests.csproj", "{47578CAE-EABB-47E0-AA03-681B66ED44C5}"
EndProject
Global
	GlobalSection(SolutionConfigurationPlatforms) = preSolution
		Debug|Any CPU = Debug|Any CPU
		Release|Any CPU = Release|Any CPU
	EndGlobalSection
	GlobalSection(ProjectConfigurationPlatforms) = postSolution
		{F700CEE2-CB56-45ED-B009-6CF49FFA0FDB}.Debug|Any CPU.ActiveCfg = Debug|Any CPU
		{F700CEE2-CB56-45ED-B009-6CF49FFA0FDB}.Debug|Any CPU.Build.0 = Debug|Any CPU
		{F700CEE2-CB56-45ED-B009-6CF49FFA0FDB}.Release|Any CPU.ActiveCfg = Release|Any CPU
		{F700CEE2-CB56-45ED-B009-6CF49FFA0FDB}.Release|Any CPU.Build.0 = Release|Any CPU
		{C422384C-8757-48AD-BA89-7AB0BF1B9447}.Debug|Any CPU.ActiveCfg = Debug|Any CPU
		{C422384C-8757-48AD-BA89-7AB0BF1B9447}.Debug|Any CPU.Build.0 = Debug|Any CPU
		{C422384C-8757-48AD-BA89-7AB0BF1B9447}.Release|Any CPU.ActiveCfg = Release|Any CPU
		{C422384C-8757-48AD-BA89-7AB0BF1B9447}.Release|Any CPU.Build.0 = Release|Any CPU
		{6880AC2E-A62C-4F41-B5E7-1E3C583BAB14}.Debug|Any CPU.ActiveCfg = Debug|Any CPU
		{6880AC2E-A62C-4F41-B5E7-1E3C583BAB14}.Debug|Any CPU.Build.0 = Debug|Any CPU
		{6880AC2E-A62C-4F41-B5E7-1E3C583BAB14}.Release|Any CPU.ActiveCfg = Release|Any CPU
		{6880AC2E-A62C-4F41-B5E7-1E3C583BAB14}.Release|Any CPU.Build.0 = Release|Any CPU
		{47578CAE-EABB-47E0-AA03-681B66ED44C5}.Debug|Any CPU.ActiveCfg = Debug|Any CPU
		{47578CAE-EABB-47E0-AA03-681B66ED44C5}.Debug|Any CPU.Build.0 = Debug|Any CPU
		{47578CAE-EABB-47E0-AA03-681B66ED44C5}.Release|Any CPU.ActiveCfg = Release|Any CPU
		{47578CAE-EABB-47E0-AA03-681B66ED44C5}.Release|Any CPU.Build.0 = Release|Any CPU
	EndGlobalSection
	GlobalSection(SolutionProperties) = preSolution
		HideSolutionNode = FALSE
	EndGlobalSection
EndGlobal
